
Microsoft Visual Studio Solution File, Format Version 12.00
# Visual Studio Version 17
VisualStudioVersion = 17.11.35327.3
MinimumVisualStudioVersion = 10.0.40219.1
Project("{FAE04EC0-301F-11D3-BF4B-00C04F79EFBC}") = "Encabezado_Detalle", "Encabezado_Detalle\Encabezado_Detalle.csproj", "{267868F8-C1ED-4365-BBD4-3F777FD769B7}"
EndProject
Global
	GlobalSection(SolutionConfigurationPlatforms) = preSolution
		Debug|Any CPU = Debug|Any CPU
		Release|Any CPU = Release|Any CPU
	EndGlobalSection
	GlobalSection(ProjectConfigurationPlatforms) = postSolution
		{267868F8-C1ED-4365-BBD4-3F777FD769B7}.Debug|Any CPU.ActiveCfg = Debug|Any CPU
		{267868F8-C1ED-4365-BBD4-3F777FD769B7}.Debug|Any CPU.Build.0 = Debug|Any CPU
		{267868F8-C1ED-4365-BBD4-3F777FD769B7}.Release|Any CPU.ActiveCfg = Release|Any CPU
		{267868F8-C1ED-4365-BBD4-3F777FD769B7}.Release|Any CPU.Build.0 = Release|Any CPU
	EndGlobalSection
	GlobalSection(SolutionProperties) = preSolution
		HideSolutionNode = FALSE
	EndGlobalSection
	GlobalSection(ExtensibilityGlobals) = postSolution
		SolutionGuid = {26999A81-959B-4E51-8546-EA79CBED00DB}
	EndGlobalSection
EndGlobal
